
Microsoft Visual Studio Solution File, Format Version 12.00
# Visual Studio Version 16
VisualStudioVersion = 16.0.35130.168
MinimumVisualStudioVersion = 10.0.40219.1
Project("{9A19103F-16F7-4668-BE54-9A1E7A4F7556}") = "PokemonAPI", "PokemonAPI\PokemonAPI.csproj", "{D226E4F1-0096-409D-964D-809685BC0328}"
EndProject
Project("{FAE04EC0-301F-11D3-BF4B-00C04F79EFBC}") = "TestProjectPokemon", "TestProjectPokemon\TestProjectPokemon.csproj", "{50B3E92A-3DC4-4E03-A703-24A78F08362A}"
EndProject
Global
	GlobalSection(SolutionConfigurationPlatforms) = preSolution
		Debug|Any CPU = Debug|Any CPU
		Release|Any CPU = Release|Any CPU
	EndGlobalSection
	GlobalSection(ProjectConfigurationPlatforms) = postSolution
		{D226E4F1-0096-409D-964D-809685BC0328}.Debug|Any CPU.ActiveCfg = Debug|Any CPU
		{D226E4F1-0096-409D-964D-809685BC0328}.Debug|Any CPU.Build.0 = Debug|Any CPU
		{D226E4F1-0096-409D-964D-809685BC0328}.Release|Any CPU.ActiveCfg = Release|Any CPU
		{D226E4F1-0096-409D-964D-809685BC0328}.Release|Any CPU.Build.0 = Release|Any CPU
		{50B3E92A-3DC4-4E03-A703-24A78F08362A}.Debug|Any CPU.ActiveCfg = Debug|Any CPU
		{50B3E92A-3DC4-4E03-A703-24A78F08362A}.Debug|Any CPU.Build.0 = Debug|Any CPU
		{50B3E92A-3DC4-4E03-A703-24A78F08362A}.Release|Any CPU.ActiveCfg = Release|Any CPU
		{50B3E92A-3DC4-4E03-A703-24A78F08362A}.Release|Any CPU.Build.0 = Release|Any CPU
	EndGlobalSection
	GlobalSection(SolutionProperties) = preSolution
		HideSolutionNode = FALSE
	EndGlobalSection
	GlobalSection(ExtensibilityGlobals) = postSolution
		SolutionGuid = {0BB08A85-8F88-4E6B-B490-A33D40FC9CC9}
	EndGlobalSection
EndGlobal
